dependencies:
- name: loki
  repository: https://grafana.github.io/helm-charts
  version: 2.16.0
- name: promtail
  repository: https://grafana.github.io/helm-charts
  version: 6.15.5
- name: fluent-bit
  repository: https://grafana.github.io/helm-charts
  version: 2.6.0
- name: grafana
  repository: https://grafana.github.io/helm-charts
  version: 6.43.5
- name: prometheus
  repository: https://prometheus-community.github.io/helm-charts
  version: 15.5.4
- name: filebeat
  repository: https://helm.elastic.co
  version: 7.17.3
- name: logstash
  repository: https://helm.elastic.co
  version: 7.17.3
digest: sha256:2930883edb35218cfa7fe7634714bfc96363f220db8c22d02d2328f0bf5c97dd
generated: "2024-04-16T16:13:28.648514053+01:00"
