dependencies:
- name: filebeat
  repository: https://helm.elastic.co
  version: 7.16.3
- name: elasticsearch
  repository: https://helm.elastic.co
  version: 7.16.3
- name: kibana
  repository: https://helm.elastic.co
  version: 7.16.3
digest: sha256:ccf4493f55c78a3290773a1d01645f975c2a4b6ce92c8976898ac87ce6b59b04
generated: "2022-03-09T13:53:26.560308Z"
