dependencies:
- name: filebeat
  repository: https://helm.elastic.co
  version: 7.17.1
- name: elasticsearch
  repository: https://helm.elastic.co
  version: 7.17.1
- name: kibana
  repository: https://helm.elastic.co
  version: 7.17.1
digest: sha256:dc00a24a6013677a24cfa88a6317f79e5de1815300fb3871afccda5d610476ab
generated: "2022-07-21T14:43:22.528378+01:00"
