dependencies:
- name: filebeat
  repository: https://helm.elastic.co
  version: 7.12.0
- name: elasticsearch
  repository: https://helm.elastic.co
  version: 7.12.0
- name: kibana
  repository: https://helm.elastic.co
  version: 7.12.0
digest: sha256:099f23c6872ed94e6b4c0c2fa9faf8b3ad62fed2aa13493b3351894a20508610
generated: "2021-08-18T16:50:52.112254696+01:00"
